
Microsoft Visual Studio Solution File, Format Version 12.00
# Visual Studio Version 17
VisualStudioVersion = 17.7.34009.444
MinimumVisualStudioVersion = 10.0.40219.1
Project("{9A19103F-16F7-4668-BE54-9A1E7A4F7556}") = "OTS2023", "OTS2023BlazorHybrid\OTS2023.csproj", "{2DA7D0B1-13DB-426C-9CC0-BE7B861945D8}"
EndProject
Project("{9A19103F-16F7-4668-BE54-9A1E7A4F7556}") = "OTS2023Shared", "OTS2023Shared\OTS2023Shared.csproj", "{40069E32-296E-449F-8A5D-6B8412454429}"
EndProject
Global
	GlobalSection(SolutionConfigurationPlatforms) = preSolution
		Debug|Any CPU = Debug|Any CPU
		Release|Any CPU = Release|Any CPU
	EndGlobalSection
	GlobalSection(ProjectConfigurationPlatforms) = postSolution
		{2DA7D0B1-13DB-426C-9CC0-BE7B861945D8}.Debug|Any CPU.ActiveCfg = Debug|Any CPU
		{2DA7D0B1-13DB-426C-9CC0-BE7B861945D8}.Debug|Any CPU.Build.0 = Debug|Any CPU
		{2DA7D0B1-13DB-426C-9CC0-BE7B861945D8}.Release|Any CPU.ActiveCfg = Release|Any CPU
		{2DA7D0B1-13DB-426C-9CC0-BE7B861945D8}.Release|Any CPU.Build.0 = Release|Any CPU
		{40069E32-296E-449F-8A5D-6B8412454429}.Debug|Any CPU.ActiveCfg = Debug|Any CPU
		{40069E32-296E-449F-8A5D-6B8412454429}.Debug|Any CPU.Build.0 = Debug|Any CPU
		{40069E32-296E-449F-8A5D-6B8412454429}.Release|Any CPU.ActiveCfg = Release|Any CPU
		{40069E32-296E-449F-8A5D-6B8412454429}.Release|Any CPU.Build.0 = Release|Any CPU
	EndGlobalSection
	GlobalSection(SolutionProperties) = preSolution
		HideSolutionNode = FALSE
	EndGlobalSection
	GlobalSection(ExtensibilityGlobals) = postSolution
		SolutionGuid = {92E50CDA-75A1-4096-B8E4-E9D66269812E}
	EndGlobalSection
EndGlobal
